
Microsoft Visual Studio Solution File, Format Version 12.00
# Visual Studio Version 16
VisualStudioVersion = 16.0.29709.97
MinimumVisualStudioVersion = 10.0.40219.1
Project("{9A19103F-16F7-4668-BE54-9A1E7A4F7556}") = "BlazorMovies.Server", "BlazorMovies\Server\BlazorMovies.Server.csproj", "{D5181D8D-F1E0-40AE-80F8-66EF2678BDD3}"
EndProject
Project("{9A19103F-16F7-4668-BE54-9A1E7A4F7556}") = "BlazorMovies.Client", "BlazorMovies\Client\BlazorMovies.Client.csproj", "{E0B2C85B-2349-4BAF-971E-8290E808CF91}"
EndProject
Project("{9A19103F-16F7-4668-BE54-9A1E7A4F7556}") = "BlazorMovies.Shared", "BlazorMovies\Shared\BlazorMovies.Shared.csproj", "{69267466-890B-4962-B61C-F9D3A351CC8A}"
EndProject
Global
	GlobalSection(SolutionConfigurationPlatforms) = preSolution
		Debug|Any CPU = Debug|Any CPU
		Release|Any CPU = Release|Any CPU
	EndGlobalSection
	GlobalSection(ProjectConfigurationPlatforms) = postSolution
		{D5181D8D-F1E0-40AE-80F8-66EF2678BDD3}.Debug|Any CPU.ActiveCfg = Debug|Any CPU
		{D5181D8D-F1E0-40AE-80F8-66EF2678BDD3}.Debug|Any CPU.Build.0 = Debug|Any CPU
		{D5181D8D-F1E0-40AE-80F8-66EF2678BDD3}.Release|Any CPU.ActiveCfg = Release|Any CPU
		{D5181D8D-F1E0-40AE-80F8-66EF2678BDD3}.Release|Any CPU.Build.0 = Release|Any CPU
		{E0B2C85B-2349-4BAF-971E-8290E808CF91}.Debug|Any CPU.ActiveCfg = Debug|Any CPU
		{E0B2C85B-2349-4BAF-971E-8290E808CF91}.Debug|Any CPU.Build.0 = Debug|Any CPU
		{E0B2C85B-2349-4BAF-971E-8290E808CF91}.Release|Any CPU.ActiveCfg = Release|Any CPU
		{E0B2C85B-2349-4BAF-971E-8290E808CF91}.Release|Any CPU.Build.0 = Release|Any CPU
		{69267466-890B-4962-B61C-F9D3A351CC8A}.Debug|Any CPU.ActiveCfg = Debug|Any CPU
		{69267466-890B-4962-B61C-F9D3A351CC8A}.Debug|Any CPU.Build.0 = Debug|Any CPU
		{69267466-890B-4962-B61C-F9D3A351CC8A}.Release|Any CPU.ActiveCfg = Release|Any CPU
		{69267466-890B-4962-B61C-F9D3A351CC8A}.Release|Any CPU.Build.0 = Release|Any CPU
	EndGlobalSection
	GlobalSection(SolutionProperties) = preSolution
		HideSolutionNode = FALSE
	EndGlobalSection
	GlobalSection(ExtensibilityGlobals) = postSolution
		SolutionGuid = {6C0ADF7A-A14F-4E84-9F27-F79B1B0A3BC8}
	EndGlobalSection
EndGlobal
